
Microsoft Visual Studio Solution File, Format Version 12.00
# Visual Studio Version 17
VisualStudioVersion = 17.0.31903.59
MinimumVisualStudioVersion = 10.0.40219.1
Project("{9A19103F-16F7-4668-BE54-9A1E7A4F7556}") = "day3", "day3.csproj", "{40BA512D-53A6-45A2-8DE1-32D87E22E1EF}"
EndProject
Global
	GlobalSection(SolutionConfigurationPlatforms) = preSolution
		Debug|Any CPU = Debug|Any CPU
		Release|Any CPU = Release|Any CPU
	EndGlobalSection
	GlobalSection(ProjectConfigurationPlatforms) = postSolution
		{40BA512D-53A6-45A2-8DE1-32D87E22E1EF}.Debug|Any CPU.ActiveCfg = Debug|Any CPU
		{40BA512D-53A6-45A2-8DE1-32D87E22E1EF}.Debug|Any CPU.Build.0 = Debug|Any CPU
		{40BA512D-53A6-45A2-8DE1-32D87E22E1EF}.Release|Any CPU.ActiveCfg = Release|Any CPU
		{40BA512D-53A6-45A2-8DE1-32D87E22E1EF}.Release|Any CPU.Build.0 = Release|Any CPU
	EndGlobalSection
	GlobalSection(SolutionProperties) = preSolution
		HideSolutionNode = FALSE
	EndGlobalSection
	GlobalSection(ExtensibilityGlobals) = postSolution
		SolutionGuid = {7249A468-1A67-405A-8FC2-3094C318539E}
	EndGlobalSection
EndGlobal
